// !$*UTF8*$!
{
	archiveVersion = 1;
	classes = {
	};
	objectVersion = 46;
	objects = {

/* Begin PBXBuildFile section */
		5D4431EE64AB163E022E5EA2 /* Pods.framework in Frameworks */ = {isa = PBXBuildFile; fileRef = 738FFFA01E4B5A064AFFC9F5 /* Pods.framework */; settings = {ATTRIBUTES = (Weak, ); }; };
		BB2915F01BB38ABD00ED791E /* CameraPreviewViewController.swift in Sources */ = {isa = PBXBuildFile; fileRef = BB2915EF1BB38ABD00ED791E /* CameraPreviewViewController.swift */; settings = {ASSET_TAGS = (); }; };
		BB29161E1BB398F500ED791E /* JotDrawingContainer.m in Sources */ = {isa = PBXBuildFile; fileRef = BB29160F1BB398F500ED791E /* JotDrawingContainer.m */; settings = {ASSET_TAGS = (); }; };
		BB29161F1BB398F500ED791E /* JotDrawView.m in Sources */ = {isa = PBXBuildFile; fileRef = BB2916111BB398F500ED791E /* JotDrawView.m */; settings = {ASSET_TAGS = (); }; };
		BB2916201BB398F500ED791E /* JotTextEditView.m in Sources */ = {isa = PBXBuildFile; fileRef = BB2916131BB398F500ED791E /* JotTextEditView.m */; settings = {ASSET_TAGS = (); }; };
		BB2916211BB398F500ED791E /* JotTextView.m in Sources */ = {isa = PBXBuildFile; fileRef = BB2916151BB398F500ED791E /* JotTextView.m */; settings = {ASSET_TAGS = (); }; };
		BB2916221BB398F500ED791E /* JotTouchBezier.m in Sources */ = {isa = PBXBuildFile; fileRef = BB2916171BB398F500ED791E /* JotTouchBezier.m */; settings = {ASSET_TAGS = (); }; };
		BB2916231BB398F500ED791E /* JotTouchPoint.m in Sources */ = {isa = PBXBuildFile; fileRef = BB2916191BB398F500ED791E /* JotTouchPoint.m */; settings = {ASSET_TAGS = (); }; };
		BB2916241BB398F500ED791E /* JotViewController.m in Sources */ = {isa = PBXBuildFile; fileRef = BB29161B1BB398F500ED791E /* JotViewController.m */; settings = {ASSET_TAGS = (); }; };
		BB2916251BB398F500ED791E /* UIImage+Jot.m in Sources */ = {isa = PBXBuildFile; fileRef = BB29161D1BB398F500ED791E /* UIImage+Jot.m */; settings = {ASSET_TAGS = (); }; };
		BB2916271BB3A5C900ED791E /* HoleView.swift in Sources */ = {isa = PBXBuildFile; fileRef = BB2916261BB3A5C900ED791E /* HoleView.swift */; settings = {ASSET_TAGS = (); }; };
		BB2916291BB3ACE900ED791E /* SelectFriendsViewController.swift in Sources */ = {isa = PBXBuildFile; fileRef = BB2916281BB3ACE900ED791E /* SelectFriendsViewController.swift */; settings = {ASSET_TAGS = (); }; };
		BB29D3211BABF3E9005E6E2C /* DrawTextView.swift in Sources */ = {isa = PBXBuildFile; fileRef = BB29D31E1BABF3E9005E6E2C /* DrawTextView.swift */; settings = {ASSET_TAGS = (); }; };
		BB29D3221BABF3E9005E6E2C /* TextDrawer.swift in Sources */ = {isa = PBXBuildFile; fileRef = BB29D31F1BABF3E9005E6E2C /* TextDrawer.swift */; settings = {ASSET_TAGS = (); }; };
		BB29D3231BABF3E9005E6E2C /* TextEditView.swift in Sources */ = {isa = PBXBuildFile; fileRef = BB29D3201BABF3E9005E6E2C /* TextEditView.swift */; settings = {ASSET_TAGS = (); }; };
		BB29D3261BABF5F1005E6E2C /* Room.swift in Sources */ = {isa = PBXBuildFile; fileRef = BB29D3251BABF5F1005E6E2C /* Room.swift */; settings = {ASSET_TAGS = (); }; };
		BB2BCBE51BB13B44005343B3 /* SearchUserTableViewCell.swift in Sources */ = {isa = PBXBuildFile; fileRef = BB2BCBE31BB13B44005343B3 /* SearchUserTableViewCell.swift */; settings = {ASSET_TAGS = (); }; };
		BB2BCBE61BB13B44005343B3 /* SearchUserTableViewCell.xib in Resources */ = {isa = PBXBuildFile; fileRef = BB2BCBE41BB13B44005343B3 /* SearchUserTableViewCell.xib */; settings = {ASSET_TAGS = (); }; };
		BB2BCBE91BB15AB7005343B3 /* WaitBlock.swift in Sources */ = {isa = PBXBuildFile; fileRef = BB2BCBE81BB15AB7005343B3 /* WaitBlock.swift */; settings = {ASSET_TAGS = (); }; };
		BB2BCBEE1BB2FACB005343B3 /* FriendTableViewCell.swift in Sources */ = {isa = PBXBuildFile; fileRef = BB2BCBEC1BB2FACB005343B3 /* FriendTableViewCell.swift */; settings = {ASSET_TAGS = (); }; };
		BB2BCBEF1BB2FACB005343B3 /* FriendTableViewCell.xib in Resources */ = {isa = PBXBuildFile; fileRef = BB2BCBED1BB2FACB005343B3 /* FriendTableViewCell.xib */; settings = {ASSET_TAGS = (); }; };
		BB2BCBF21BB38495005343B3 /* CameraViewController.swift in Sources */ = {isa = PBXBuildFile; fileRef = BB2BCBF11BB38495005343B3 /* CameraViewController.swift */; settings = {ASSET_TAGS = (); }; };
		BB4288CF1BAAA71800B211F6 /* User.swift in Sources */ = {isa = PBXBuildFile; fileRef = BB4288CE1BAAA71800B211F6 /* User.swift */; settings = {ASSET_TAGS = (); }; };
		BB4288D21BAAABA700B211F6 /* Alert.swift in Sources */ = {isa = PBXBuildFile; fileRef = BB4288D11BAAABA700B211F6 /* Alert.swift */; settings = {ASSET_TAGS = (); }; };
		BB4288D41BAAB6E400B211F6 /* UIApplication+rootController.swift in Sources */ = {isa = PBXBuildFile; fileRef = BB4288D31BAAB6E400B211F6 /* UIApplication+rootController.swift */; settings = {ASSET_TAGS = (); }; };
		BB4288D61BAAB8D400B211F6 /* MainFeedViewController.swift in Sources */ = {isa = PBXBuildFile; fileRef = BB4288D51BAAB8D400B211F6 /* MainFeedViewController.swift */; settings = {ASSET_TAGS = (); }; };
		BB4288DC1BAABA7300B211F6 /* RoomTableViewCell.swift in Sources */ = {isa = PBXBuildFile; fileRef = BB4288DA1BAABA7300B211F6 /* RoomTableViewCell.swift */; settings = {ASSET_TAGS = (); }; };
		BB4288DD1BAABA7300B211F6 /* RoomTableViewCell.xib in Resources */ = {isa = PBXBuildFile; fileRef = BB4288DB1BAABA7300B211F6 /* RoomTableViewCell.xib */; settings = {ASSET_TAGS = (); }; };
		BB4288DF1BAAC67700B211F6 /* Progress.swift in Sources */ = {isa = PBXBuildFile; fileRef = BB4288DE1BAAC67700B211F6 /* Progress.swift */; settings = {ASSET_TAGS = (); }; };
		BB71035A1BB0448100C31028 /* InputTextfield.swift in Sources */ = {isa = PBXBuildFile; fileRef = BB7103591BB0448100C31028 /* InputTextfield.swift */; settings = {ASSET_TAGS = (); }; };
		BB71035F1BB0610700C31028 /* FriendsViewController.swift in Sources */ = {isa = PBXBuildFile; fileRef = BB71035E1BB0610700C31028 /* FriendsViewController.swift */; settings = {ASSET_TAGS = (); }; };
		BB7103611BB0616A00C31028 /* SearchFriendsViewController.swift in Sources */ = {isa = PBXBuildFile; fileRef = BB7103601BB0616A00C31028 /* SearchFriendsViewController.swift */; settings = {ASSET_TAGS = (); }; };
		BB7103631BB0621100C31028 /* Friend.swift in Sources */ = {isa = PBXBuildFile; fileRef = BB7103621BB0621100C31028 /* Friend.swift */; settings = {ASSET_TAGS = (); }; };
		BBE4986E1BAA7E1D008A8ECF /* StartupViewController.swift in Sources */ = {isa = PBXBuildFile; fileRef = BBE4986D1BAA7E1D008A8ECF /* StartupViewController.swift */; settings = {ASSET_TAGS = (); }; };
		BBE498721BAA9794008A8ECF /* LoginViewController.swift in Sources */ = {isa = PBXBuildFile; fileRef = BBE498711BAA9794008A8ECF /* LoginViewController.swift */; settings = {ASSET_TAGS = (); }; };
		BBE498741BAA979E008A8ECF /* SignupViewController.swift in Sources */ = {isa = PBXBuildFile; fileRef = BBE498731BAA979E008A8ECF /* SignupViewController.swift */; settings = {ASSET_TAGS = (); }; };
		BBE498771BAA97CD008A8ECF /* SignupNicknameViewController.swift in Sources */ = {isa = PBXBuildFile; fileRef = BBE498761BAA97CD008A8ECF /* SignupNicknameViewController.swift */; settings = {ASSET_TAGS = (); }; };
		BBE4987A1BAA990D008A8ECF /* StoryBoard+instanceController.swift in Sources */ = {isa = PBXBuildFile; fileRef = BBE498791BAA990D008A8ECF /* StoryBoard+instanceController.swift */; settings = {ASSET_TAGS = (); }; };
		BBF384361BAA784600EDF854 /* AppDelegate.swift in Sources */ = {isa = PBXBuildFile; fileRef = BBF384351BAA784600EDF854 /* AppDelegate.swift */; };
		BBF3843B1BAA784600EDF854 /* Main.storyboard in Resources */ = {isa = PBXBuildFile; fileRef = BBF384391BAA784600EDF854 /* Main.storyboard */; };
		BBF3843D1BAA784600EDF854 /* Assets.xcassets in Resources */ = {isa = PBXBuildFile; fileRef = BBF3843C1BAA784600EDF854 /* Assets.xcassets */; };
		BBF384401BAA784600EDF854 /* LaunchScreen.storyboard in Resources */ = {isa = PBXBuildFile; fileRef = BBF3843E1BAA784600EDF854 /* LaunchScreen.storyboard */; };
		BBF3844B1BAA784600EDF854 /* BlinkTests.swift in Sources */ = {isa = PBXBuildFile; fileRef = BBF3844A1BAA784600EDF854 /* BlinkTests.swift */; };
		BBF384561BAA784600EDF854 /* BlinkUITests.swift in Sources */ = {isa = PBXBuildFile; fileRef = BBF384551BAA784600EDF854 /* BlinkUITests.swift */; };
		BBFBE7941BAA9F4500438AF9 /* Twilio.swift in Sources */ = {isa = PBXBuildFile; fileRef = BBFBE7931BAA9F4500438AF9 /* Twilio.swift */; settings = {ASSET_TAGS = (); }; };
/* End PBXBuildFile section */

/* Begin PBXContainerItemProxy section */
		BBF384471BAA784600EDF854 /* PBXContainerItemProxy */ = {
			isa = PBXContainerItemProxy;
			containerPortal = BBF3842A1BAA784600EDF854 /* Project object */;
			proxyType = 1;
			remoteGlobalIDString = BBF384311BAA784600EDF854;
			remoteInfo = Blink;
		};
		BBF384521BAA784600EDF854 /* PBXContainerItemProxy */ = {
			isa = PBXContainerItemProxy;
			containerPortal = BBF3842A1BAA784600EDF854 /* Project object */;
			proxyType = 1;
			remoteGlobalIDString = BBF384311BAA784600EDF854;
			remoteInfo = Blink;
		};
/* End PBXContainerItemProxy section */

/* Begin PBXFileReference section */
		667B62A522C95D039ADDD65B /* Pods.release.xcconfig */ = {isa = PBXFileReference; includeInIndex = 1; lastKnownFileType = text.xcconfig; name = Pods.release.xcconfig; path = "Pods/Target Support Files/Pods/Pods.release.xcconfig"; sourceTree = "<group>"; };
		738FFFA01E4B5A064AFFC9F5 /* Pods.framework */ = {isa = PBXFileReference; explicitFileType = wrapper.framework; includeInIndex = 0; path = Pods.framework; sourceTree = BUILT_PRODUCTS_DIR; };
		8044A844A3E2BCF646D2958E /* Pods.debug.xcconfig */ = {isa = PBXFileReference; includeInIndex = 1; lastKnownFileType = text.xcconfig; name = Pods.debug.xcconfig; path = "Pods/Target Support Files/Pods/Pods.debug.xcconfig"; sourceTree = "<group>"; };
		BB2915EF1BB38ABD00ED791E /* CameraPreviewViewController.swift */ = {isa = PBXFileReference; fileEncoding = 4; lastKnownFileType = sourcecode.swift; path = CameraPreviewViewController.swift; sourceTree = "<group>"; };
		BB29160D1BB398F500ED791E /* jot.h */ = {isa = PBXFileReference; fileEncoding = 4; lastKnownFileType = sourcecode.c.h; path = jot.h; sourceTree = "<group>"; };
		BB29160E1BB398F500ED791E /* JotDrawingContainer.h */ = {isa = PBXFileReference; fileEncoding = 4; lastKnownFileType = sourcecode.c.h; path = JotDrawingContainer.h; sourceTree = "<group>"; };
		BB29160F1BB398F500ED791E /* JotDrawingContainer.m */ = {isa = PBXFileReference; fileEncoding = 4; lastKnownFileType = sourcecode.c.objc; path = JotDrawingContainer.m; sourceTree = "<group>"; };
		BB2916101BB398F500ED791E /* JotDrawView.h */ = {isa = PBXFileReference; fileEncoding = 4; lastKnownFileType = sourcecode.c.h; path = JotDrawView.h; sourceTree = "<group>"; };
		BB2916111BB398F500ED791E /* JotDrawView.m */ = {isa = PBXFileReference; fileEncoding = 4; lastKnownFileType = sourcecode.c.objc; path = JotDrawView.m; sourceTree = "<group>"; };
		BB2916121BB398F500ED791E /* JotTextEditView.h */ = {isa = PBXFileReference; fileEncoding = 4; lastKnownFileType = sourcecode.c.h; path = JotTextEditView.h; sourceTree = "<group>"; };
		BB2916131BB398F500ED791E /* JotTextEditView.m */ = {isa = PBXFileReference; fileEncoding = 4; lastKnownFileType = sourcecode.c.objc; path = JotTextEditView.m; sourceTree = "<group>"; };
		BB2916141BB398F500ED791E /* JotTextView.h */ = {isa = PBXFileReference; fileEncoding = 4; lastKnownFileType = sourcecode.c.h; path = JotTextView.h; sourceTree = "<group>"; };
		BB2916151BB398F500ED791E /* JotTextView.m */ = {isa = PBXFileReference; fileEncoding = 4; lastKnownFileType = sourcecode.c.objc; path = JotTextView.m; sourceTree = "<group>"; };
		BB2916161BB398F500ED791E /* JotTouchBezier.h */ = {isa = PBXFileReference; fileEncoding = 4; lastKnownFileType = sourcecode.c.h; path = JotTouchBezier.h; sourceTree = "<group>"; };
		BB2916171BB398F500ED791E /* JotTouchBezier.m */ = {isa = PBXFileReference; fileEncoding = 4; lastKnownFileType = sourcecode.c.objc; path = JotTouchBezier.m; sourceTree = "<group>"; };
		BB2916181BB398F500ED791E /* JotTouchPoint.h */ = {isa = PBXFileReference; fileEncoding = 4; lastKnownFileType = sourcecode.c.h; path = JotTouchPoint.h; sourceTree = "<group>"; };
		BB2916191BB398F500ED791E /* JotTouchPoint.m */ = {isa = PBXFileReference; fileEncoding = 4; lastKnownFileType = sourcecode.c.objc; path = JotTouchPoint.m; sourceTree = "<group>"; };
		BB29161A1BB398F500ED791E /* JotViewController.h */ = {isa = PBXFileReference; fileEncoding = 4; lastKnownFileType = sourcecode.c.h; path = JotViewController.h; sourceTree = "<group>"; };
		BB29161B1BB398F500ED791E /* JotViewController.m */ = {isa = PBXFileReference; fileEncoding = 4; lastKnownFileType = sourcecode.c.objc; path = JotViewController.m; sourceTree = "<group>"; };
		BB29161C1BB398F500ED791E /* UIImage+Jot.h */ = {isa = PBXFileReference; fileEncoding = 4; lastKnownFileType = sourcecode.c.h; path = "UIImage+Jot.h"; sourceTree = "<group>"; };
		BB29161D1BB398F500ED791E /* UIImage+Jot.m */ = {isa = PBXFileReference; fileEncoding = 4; lastKnownFileType = sourcecode.c.objc; path = "UIImage+Jot.m"; sourceTree = "<group>"; };
		BB2916261BB3A5C900ED791E /* HoleView.swift */ = {isa = PBXFileReference; fileEncoding = 4; lastKnownFileType = sourcecode.swift; path = HoleView.swift; sourceTree = "<group>"; };
		BB2916281BB3ACE900ED791E /* SelectFriendsViewController.swift */ = {isa = PBXFileReference; fileEncoding = 4; lastKnownFileType = sourcecode.swift; path = SelectFriendsViewController.swift; sourceTree = "<group>"; };
		BB29D31E1BABF3E9005E6E2C /* DrawTextView.swift */ = {isa = PBXFileReference; fileEncoding = 4; lastKnownFileType = sourcecode.swift; path = DrawTextView.swift; sourceTree = "<group>"; };
		BB29D31F1BABF3E9005E6E2C /* TextDrawer.swift */ = {isa = PBXFileReference; fileEncoding = 4; lastKnownFileType = sourcecode.swift; path = TextDrawer.swift; sourceTree = "<group>"; };
		BB29D3201BABF3E9005E6E2C /* TextEditView.swift */ = {isa = PBXFileReference; fileEncoding = 4; lastKnownFileType = sourcecode.swift; path = TextEditView.swift; sourceTree = "<group>"; };
		BB29D3251BABF5F1005E6E2C /* Room.swift */ = {isa = PBXFileReference; fileEncoding = 4; lastKnownFileType = sourcecode.swift; path = Room.swift; sourceTree = "<group>"; };
		BB2BCBE31BB13B44005343B3 /* SearchUserTableViewCell.swift */ = {isa = PBXFileReference; fileEncoding = 4; lastKnownFileType = sourcecode.swift; path = SearchUserTableViewCell.swift; sourceTree = "<group>"; };
		BB2BCBE41BB13B44005343B3 /* SearchUserTableViewCell.xib */ = {isa = PBXFileReference; fileEncoding = 4; lastKnownFileType = file.xib; path = SearchUserTableViewCell.xib; sourceTree = "<group>"; };
		BB2BCBE81BB15AB7005343B3 /* WaitBlock.swift */ = {isa = PBXFileReference; fileEncoding = 4; lastKnownFileType = sourcecode.swift; path = WaitBlock.swift; sourceTree = "<group>"; };
		BB2BCBEC1BB2FACB005343B3 /* FriendTableViewCell.swift */ = {isa = PBXFileReference; fileEncoding = 4; lastKnownFileType = sourcecode.swift; path = FriendTableViewCell.swift; sourceTree = "<group>"; };
		BB2BCBED1BB2FACB005343B3 /* FriendTableViewCell.xib */ = {isa = PBXFileReference; fileEncoding = 4; lastKnownFileType = file.xib; path = FriendTableViewCell.xib; sourceTree = "<group>"; };
		BB2BCBF11BB38495005343B3 /* CameraViewController.swift */ = {isa = PBXFileReference; fileEncoding = 4; lastKnownFileType = sourcecode.swift; path = CameraViewController.swift; sourceTree = "<group>"; };
		BB4288CE1BAAA71800B211F6 /* User.swift */ = {isa = PBXFileReference; fileEncoding = 4; lastKnownFileType = sourcecode.swift; path = User.swift; sourceTree = "<group>"; };
		BB4288D11BAAABA700B211F6 /* Alert.swift */ = {isa = PBXFileReference; fileEncoding = 4; lastKnownFileType = sourcecode.swift; path = Alert.swift; sourceTree = "<group>"; };
		BB4288D31BAAB6E400B211F6 /* UIApplication+rootController.swift */ = {isa = PBXFileReference; fileEncoding = 4; lastKnownFileType = sourcecode.swift; path = "UIApplication+rootController.swift"; sourceTree = "<group>"; };
		BB4288D51BAAB8D400B211F6 /* MainFeedViewController.swift */ = {isa = PBXFileReference; fileEncoding = 4; lastKnownFileType = sourcecode.swift; path = MainFeedViewController.swift; sourceTree = "<group>"; };
		BB4288DA1BAABA7300B211F6 /* RoomTableViewCell.swift */ = {isa = PBXFileReference; fileEncoding = 4; lastKnownFileType = sourcecode.swift; path = RoomTableViewCell.swift; sourceTree = "<group>"; };
		BB4288DB1BAABA7300B211F6 /* RoomTableViewCell.xib */ = {isa = PBXFileReference; fileEncoding = 4; lastKnownFileType = file.xib; path = RoomTableViewCell.xib; sourceTree = "<group>"; };
		BB4288DE1BAAC67700B211F6 /* Progress.swift */ = {isa = PBXFileReference; fileEncoding = 4; lastKnownFileType = sourcecode.swift; path = Progress.swift; sourceTree = "<group>"; };
		BB7103591BB0448100C31028 /* InputTextfield.swift */ = {isa = PBXFileReference; fileEncoding = 4; lastKnownFileType = sourcecode.swift; path = InputTextfield.swift; sourceTree = "<group>"; };
		BB71035E1BB0610700C31028 /* FriendsViewController.swift */ = {isa = PBXFileReference; fileEncoding = 4; lastKnownFileType = sourcecode.swift; path = FriendsViewController.swift; sourceTree = "<group>"; };
		BB7103601BB0616A00C31028 /* SearchFriendsViewController.swift */ = {isa = PBXFileReference; fileEncoding = 4; lastKnownFileType = sourcecode.swift; path = SearchFriendsViewController.swift; sourceTree = "<group>"; };
		BB7103621BB0621100C31028 /* Friend.swift */ = {isa = PBXFileReference; fileEncoding = 4; lastKnownFileType = sourcecode.swift; path = Friend.swift; sourceTree = "<group>"; };
		BBE4986D1BAA7E1D008A8ECF /* StartupViewController.swift */ = {isa = PBXFileReference; fileEncoding = 4; lastKnownFileType = sourcecode.swift; path = StartupViewController.swift; sourceTree = "<group>"; };
		BBE498711BAA9794008A8ECF /* LoginViewController.swift */ = {isa = PBXFileReference; fileEncoding = 4; lastKnownFileType = sourcecode.swift; path = LoginViewController.swift; sourceTree = "<group>"; };
		BBE498731BAA979E008A8ECF /* SignupViewController.swift */ = {isa = PBXFileReference; fileEncoding = 4; lastKnownFileType = sourcecode.swift; path = SignupViewController.swift; sourceTree = "<group>"; };
		BBE498761BAA97CD008A8ECF /* SignupNicknameViewController.swift */ = {isa = PBXFileReference; fileEncoding = 4; lastKnownFileType = sourcecode.swift; path = SignupNicknameViewController.swift; sourceTree = "<group>"; };
		BBE498791BAA990D008A8ECF /* StoryBoard+instanceController.swift */ = {isa = PBXFileReference; fileEncoding = 4; lastKnownFileType = sourcecode.swift; path = "StoryBoard+instanceController.swift"; sourceTree = "<group>"; };
		BBF384321BAA784600EDF854 /* Blink.app */ = {isa = PBXFileReference; explicitFileType = wrapper.application; includeInIndex = 0; path = Blink.app; sourceTree = BUILT_PRODUCTS_DIR; };
		BBF384351BAA784600EDF854 /* AppDelegate.swift */ = {isa = PBXFileReference; lastKnownFileType = sourcecode.swift; path = AppDelegate.swift; sourceTree = "<group>"; };
		BBF3843A1BAA784600EDF854 /* Base */ = {isa = PBXFileReference; lastKnownFileType = file.storyboard; name = Base; path = Base.lproj/Main.storyboard; sourceTree = "<group>"; };
		BBF3843C1BAA784600EDF854 /* Assets.xcassets */ = {isa = PBXFileReference; lastKnownFileType = folder.assetcatalog; path = Assets.xcassets; sourceTree = "<group>"; };
		BBF3843F1BAA784600EDF854 /* Base */ = {isa = PBXFileReference; lastKnownFileType = file.storyboard; name = Base; path = Base.lproj/LaunchScreen.storyboard; sourceTree = "<group>"; };
		BBF384411BAA784600EDF854 /* Info.plist */ = {isa = PBXFileReference; lastKnownFileType = text.plist.xml; path = Info.plist; sourceTree = "<group>"; };
		BBF384461BAA784600EDF854 /* BlinkTests.xctest */ = {isa = PBXFileReference; explicitFileType = wrapper.cfbundle; includeInIndex = 0; path = BlinkTests.xctest; sourceTree = BUILT_PRODUCTS_DIR; };
		BBF3844A1BAA784600EDF854 /* BlinkTests.swift */ = {isa = PBXFileReference; lastKnownFileType = sourcecode.swift; path = BlinkTests.swift; sourceTree = "<group>"; };
		BBF3844C1BAA784600EDF854 /* Info.plist */ = {isa = PBXFileReference; lastKnownFileType = text.plist.xml; path = Info.plist; sourceTree = "<group>"; };
		BBF384511BAA784600EDF854 /* BlinkUITests.xctest */ = {isa = PBXFileReference; explicitFileType = wrapper.cfbundle; includeInIndex = 0; path = BlinkUITests.xctest; sourceTree = BUILT_PRODUCTS_DIR; };
		BBF384551BAA784600EDF854 /* BlinkUITests.swift */ = {isa = PBXFileReference; lastKnownFileType = sourcecode.swift; path = BlinkUITests.swift; sourceTree = "<group>"; };
		BBF384571BAA784600EDF854 /* Info.plist */ = {isa = PBXFileReference; lastKnownFileType = text.plist.xml; path = Info.plist; sourceTree = "<group>"; };
		BBFBE7911BAA9DD300438AF9 /* Header.h */ = {isa = PBXFileReference; lastKnownFileType = sourcecode.c.h; path = Header.h; sourceTree = "<group>"; };
		BBFBE7931BAA9F4500438AF9 /* Twilio.swift */ = {isa = PBXFileReference; fileEncoding = 4; lastKnownFileType = sourcecode.swift; path = Twilio.swift; sourceTree = "<group>"; };
/* End PBXFileReference section */

/* Begin PBXFrameworksBuildPhase section */
		BBF3842F1BAA784600EDF854 /* Frameworks */ = {
			isa = PBXFrameworksBuildPhase;
			buildActionMask = 2147483647;
			files = (
				5D4431EE64AB163E022E5EA2 /* Pods.framework in Frameworks */,
			);
			runOnlyForDeploymentPostprocessing = 0;
		};
		BBF384431BAA784600EDF854 /* Frameworks */ = {
			isa = PBXFrameworksBuildPhase;
			buildActionMask = 2147483647;
			files = (
			);
			runOnlyForDeploymentPostprocessing = 0;
		};
		BBF3844E1BAA784600EDF854 /* Frameworks */ = {
			isa = PBXFrameworksBuildPhase;
			buildActionMask = 2147483647;
			files = (
			);
			runOnlyForDeploymentPostprocessing = 0;
		};
/* End PBXFrameworksBuildPhase section */

/* Begin PBXGroup section */
		05FEE86C91EC3D2D50457E1C /* Pods */ = {
			isa = PBXGroup;
			children = (
				8044A844A3E2BCF646D2958E /* Pods.debug.xcconfig */,
				667B62A522C95D039ADDD65B /* Pods.release.xcconfig */,
			);
			name = Pods;
			sourceTree = "<group>";
		};
		BA2B3BF9A9581FA6EAB81AA5 /* Frameworks */ = {
			isa = PBXGroup;
			children = (
				738FFFA01E4B5A064AFFC9F5 /* Pods.framework */,
			);
			name = Frameworks;
			sourceTree = "<group>";
		};
		BB2915F31BB398D300ED791E /* JotController */ = {
			isa = PBXGroup;
			children = (
				BB29160D1BB398F500ED791E /* jot.h */,
				BB29160E1BB398F500ED791E /* JotDrawingContainer.h */,
				BB29160F1BB398F500ED791E /* JotDrawingContainer.m */,
				BB2916101BB398F500ED791E /* JotDrawView.h */,
				BB2916111BB398F500ED791E /* JotDrawView.m */,
				BB2916121BB398F500ED791E /* JotTextEditView.h */,
				BB2916131BB398F500ED791E /* JotTextEditView.m */,
				BB2916141BB398F500ED791E /* JotTextView.h */,
				BB2916151BB398F500ED791E /* JotTextView.m */,
				BB2916161BB398F500ED791E /* JotTouchBezier.h */,
				BB2916171BB398F500ED791E /* JotTouchBezier.m */,
				BB2916181BB398F500ED791E /* JotTouchPoint.h */,
				BB2916191BB398F500ED791E /* JotTouchPoint.m */,
				BB29161A1BB398F500ED791E /* JotViewController.h */,
				BB29161B1BB398F500ED791E /* JotViewController.m */,
				BB29161C1BB398F500ED791E /* UIImage+Jot.h */,
				BB29161D1BB398F500ED791E /* UIImage+Jot.m */,
			);
			name = JotController;
			sourceTree = "<group>";
		};
		BB29D31D1BABF3DE005E6E2C /* Textdrawer */ = {
			isa = PBXGroup;
			children = (
				BB29D31E1BABF3E9005E6E2C /* DrawTextView.swift */,
				BB29D31F1BABF3E9005E6E2C /* TextDrawer.swift */,
				BB29D3201BABF3E9005E6E2C /* TextEditView.swift */,
			);
			path = Textdrawer;
			sourceTree = "<group>";
		};
		BB29D3241BABF5E7005E6E2C /* Room */ = {
			isa = PBXGroup;
			children = (
				BB29D3251BABF5F1005E6E2C /* Room.swift */,
			);
			path = Room;
			sourceTree = "<group>";
		};
		BB2BCBE71BB15AAC005343B3 /* Utils */ = {
			isa = PBXGroup;
			children = (
				BB2915F31BB398D300ED791E /* JotController */,
				BB2BCBE81BB15AB7005343B3 /* WaitBlock.swift */,
			);
			path = Utils;
			sourceTree = "<group>";
		};
		BB2BCBF01BB38487005343B3 /* Camera */ = {
			isa = PBXGroup;
			children = (
				BB2BCBF11BB38495005343B3 /* CameraViewController.swift */,
				BB2915EF1BB38ABD00ED791E /* CameraPreviewViewController.swift */,
			);
			name = Camera;
			sourceTree = "<group>";
		};
		BB4288CD1BAAA70F00B211F6 /* User */ = {
			isa = PBXGroup;
			children = (
				BB4288CE1BAAA71800B211F6 /* User.swift */,
				BB7103621BB0621100C31028 /* Friend.swift */,
			);
			path = User;
			sourceTree = "<group>";
		};
		BB4288D01BAAAA0000B211F6 /* Views */ = {
			isa = PBXGroup;
			children = (
				BB29D31D1BABF3DE005E6E2C /* Textdrawer */,
				BB4288D91BAABA6900B211F6 /* Cells */,
				BB4288D81BAABA0D00B211F6 /* ViewsHelpers */,
				BB7103591BB0448100C31028 /* InputTextfield.swift */,
				BB2916261BB3A5C900ED791E /* HoleView.swift */,
			);
			path = Views;
			sourceTree = "<group>";
		};
		BB4288D81BAABA0D00B211F6 /* ViewsHelpers */ = {
			isa = PBXGroup;
			children = (
				BB4288D11BAAABA700B211F6 /* Alert.swift */,
				BB4288DE1BAAC67700B211F6 /* Progress.swift */,
			);
			path = ViewsHelpers;
			sourceTree = "<group>";
		};
		BB4288D91BAABA6900B211F6 /* Cells */ = {
			isa = PBXGroup;
			children = (
				BB4288DA1BAABA7300B211F6 /* RoomTableViewCell.swift */,
				BB4288DB1BAABA7300B211F6 /* RoomTableViewCell.xib */,
				BB2BCBE31BB13B44005343B3 /* SearchUserTableViewCell.swift */,
				BB2BCBE41BB13B44005343B3 /* SearchUserTableViewCell.xib */,
				BB2BCBEC1BB2FACB005343B3 /* FriendTableViewCell.swift */,
				BB2BCBED1BB2FACB005343B3 /* FriendTableViewCell.xib */,
			);
			path = Cells;
			sourceTree = "<group>";
		};
		BB71035B1BB0499100C31028 /* Singup */ = {
			isa = PBXGroup;
			children = (
				BBE498731BAA979E008A8ECF /* SignupViewController.swift */,
				BBE498761BAA97CD008A8ECF /* SignupNicknameViewController.swift */,
			);
			path = Singup;
			sourceTree = "<group>";
		};
		BB71035C1BB0499800C31028 /* Login */ = {
			isa = PBXGroup;
			children = (
				BBE498711BAA9794008A8ECF /* LoginViewController.swift */,
			);
			path = Login;
			sourceTree = "<group>";
		};
		BB71035D1BB060E100C31028 /* Friends */ = {
			isa = PBXGroup;
			children = (
				BB71035E1BB0610700C31028 /* FriendsViewController.swift */,
				BB7103601BB0616A00C31028 /* SearchFriendsViewController.swift */,
				BB2916281BB3ACE900ED791E /* SelectFriendsViewController.swift */,
			);
			path = Friends;
			sourceTree = "<group>";
		};
		BBE4986B1BAA7A05008A8ECF /* Controllers */ = {
			isa = PBXGroup;
			children = (
				BB2BCBF01BB38487005343B3 /* Camera */,
				BB71035D1BB060E100C31028 /* Friends */,
				BBE498751BAA97A2008A8ECF /* StartupControllers */,
				BB4288D51BAAB8D400B211F6 /* MainFeedViewController.swift */,
			);
			path = Controllers;
			sourceTree = "<group>";
		};
		BBE4986C1BAA7A10008A8ECF /* Application */ = {
			isa = PBXGroup;
			children = (
				BBF384391BAA784600EDF854 /* Main.storyboard */,
				BBF384351BAA784600EDF854 /* AppDelegate.swift */,
				BBF3843C1BAA784600EDF854 /* Assets.xcassets */,
				BBF3843E1BAA784600EDF854 /* LaunchScreen.storyboard */,
				BBF384411BAA784600EDF854 /* Info.plist */,
				BBFBE7911BAA9DD300438AF9 /* Header.h */,
			);
			path = Application;
			sourceTree = "<group>";
		};
		BBE4986F1BAA7EC7008A8ECF /* API */ = {
			isa = PBXGroup;
			children = (
				BB29D3241BABF5E7005E6E2C /* Room */,
				BB4288CD1BAAA70F00B211F6 /* User */,
				BBFBE7921BAA9F2D00438AF9 /* Twilio */,
			);
			path = API;
			sourceTree = "<group>";
		};
		BBE498701BAA7ECC008A8ECF /* Models */ = {
			isa = PBXGroup;
			children = (
			);
			path = Models;
			sourceTree = "<group>";
		};
		BBE498751BAA97A2008A8ECF /* StartupControllers */ = {
			isa = PBXGroup;
			children = (
				BBE4986D1BAA7E1D008A8ECF /* StartupViewController.swift */,
				BB71035C1BB0499800C31028 /* Login */,
				BB71035B1BB0499100C31028 /* Singup */,
			);
			path = StartupControllers;
			sourceTree = "<group>";
		};
		BBE498781BAA98F3008A8ECF /* Extensions */ = {
			isa = PBXGroup;
			children = (
				BBE498791BAA990D008A8ECF /* StoryBoard+instanceController.swift */,
				BB4288D31BAAB6E400B211F6 /* UIApplication+rootController.swift */,
			);
			path = Extensions;
			sourceTree = "<group>";
		};
		BBF384291BAA784500EDF854 = {
			isa = PBXGroup;
			children = (
				BBF384341BAA784600EDF854 /* Blink */,
				BBF384491BAA784600EDF854 /* BlinkTests */,
				BBF384541BAA784600EDF854 /* BlinkUITests */,
				BBF384331BAA784600EDF854 /* Products */,
				05FEE86C91EC3D2D50457E1C /* Pods */,
				BA2B3BF9A9581FA6EAB81AA5 /* Frameworks */,
			);
			sourceTree = "<group>";
		};
		BBF384331BAA784600EDF854 /* Products */ = {
			isa = PBXGroup;
			children = (
				BBF384321BAA784600EDF854 /* Blink.app */,
				BBF384461BAA784600EDF854 /* BlinkTests.xctest */,
				BBF384511BAA784600EDF854 /* BlinkUITests.xctest */,
			);
			name = Products;
			sourceTree = "<group>";
		};
		BBF384341BAA784600EDF854 /* Blink */ = {
			isa = PBXGroup;
			children = (
				BB2BCBE71BB15AAC005343B3 /* Utils */,
				BB4288D01BAAAA0000B211F6 /* Views */,
				BBE498781BAA98F3008A8ECF /* Extensions */,
				BBE498701BAA7ECC008A8ECF /* Models */,
				BBE4986F1BAA7EC7008A8ECF /* API */,
				BBE4986B1BAA7A05008A8ECF /* Controllers */,
				BBE4986C1BAA7A10008A8ECF /* Application */,
			);
			path = Blink;
			sourceTree = "<group>";
		};
		BBF384491BAA784600EDF854 /* BlinkTests */ = {
			isa = PBXGroup;
			children = (
				BBF3844A1BAA784600EDF854 /* BlinkTests.swift */,
				BBF3844C1BAA784600EDF854 /* Info.plist */,
			);
			path = BlinkTests;
			sourceTree = "<group>";
		};
		BBF384541BAA784600EDF854 /* BlinkUITests */ = {
			isa = PBXGroup;
			children = (
				BBF384551BAA784600EDF854 /* BlinkUITests.swift */,
				BBF384571BAA784600EDF854 /* Info.plist */,
			);
			path = BlinkUITests;
			sourceTree = "<group>";
		};
		BBFBE7921BAA9F2D00438AF9 /* Twilio */ = {
			isa = PBXGroup;
			children = (
				BBFBE7931BAA9F4500438AF9 /* Twilio.swift */,
			);
			path = Twilio;
			sourceTree = "<group>";
		};
/* End PBXGroup section */

/* Begin PBXNativeTarget section */
		BBF384311BAA784600EDF854 /* Blink */ = {
			isa = PBXNativeTarget;
			buildConfigurationList = BBF3845A1BAA784600EDF854 /* Build configuration list for PBXNativeTarget "Blink" */;
			buildPhases = (
				1F7091E85A85E52803081BDC /* Check Pods Manifest.lock */,
				BBF3842E1BAA784600EDF854 /* Sources */,
				BBF3842F1BAA784600EDF854 /* Frameworks */,
				BBF384301BAA784600EDF854 /* Resources */,
				E8CCC2740427840A371C0183 /* Embed Pods Frameworks */,
				21E49581BF82B00FF9BBE069 /* Copy Pods Resources */,
			);
			buildRules = (
			);
			dependencies = (
			);
			name = Blink;
			productName = Blink;
			productReference = BBF384321BAA784600EDF854 /* Blink.app */;
			productType = "com.apple.product-type.application";
		};
		BBF384451BAA784600EDF854 /* BlinkTests */ = {
			isa = PBXNativeTarget;
			buildConfigurationList = BBF3845D1BAA784600EDF854 /* Build configuration list for PBXNativeTarget "BlinkTests" */;
			buildPhases = (
				BBF384421BAA784600EDF854 /* Sources */,
				BBF384431BAA784600EDF854 /* Frameworks */,
				BBF384441BAA784600EDF854 /* Resources */,
			);
			buildRules = (
			);
			dependencies = (
				BBF384481BAA784600EDF854 /* PBXTargetDependency */,
			);
			name = BlinkTests;
			productName = BlinkTests;
			productReference = BBF384461BAA784600EDF854 /* BlinkTests.xctest */;
			productType = "com.apple.product-type.bundle.unit-test";
		};
		BBF384501BAA784600EDF854 /* BlinkUITests */ = {
			isa = PBXNativeTarget;
			buildConfigurationList = BBF384601BAA784600EDF854 /* Build configuration list for PBXNativeTarget "BlinkUITests" */;
			buildPhases = (
				BBF3844D1BAA784600EDF854 /* Sources */,
				BBF3844E1BAA784600EDF854 /* Frameworks */,
				BBF3844F1BAA784600EDF854 /* Resources */,
			);
			buildRules = (
			);
			dependencies = (
				BBF384531BAA784600EDF854 /* PBXTargetDependency */,
			);
			name = BlinkUITests;
			productName = BlinkUITests;
			productReference = BBF384511BAA784600EDF854 /* BlinkUITests.xctest */;
			productType = "com.apple.product-type.bundle.ui-testing";
		};
/* End PBXNativeTarget section */

/* Begin PBXProject section */
		BBF3842A1BAA784600EDF854 /* Project object */ = {
			isa = PBXProject;
			attributes = {
				LastUpgradeCheck = 0700;
				ORGANIZATIONNAME = "Remi Robert";
				TargetAttributes = {
					BBF384311BAA784600EDF854 = {
						CreatedOnToolsVersion = 7.0;
					};
					BBF384451BAA784600EDF854 = {
						CreatedOnToolsVersion = 7.0;
						TestTargetID = BBF384311BAA784600EDF854;
					};
					BBF384501BAA784600EDF854 = {
						CreatedOnToolsVersion = 7.0;
						TestTargetID = BBF384311BAA784600EDF854;
					};
				};
			};
			buildConfigurationList = BBF3842D1BAA784600EDF854 /* Build configuration list for PBXProject "Blink" */;
			compatibilityVersion = "Xcode 3.2";
			developmentRegion = English;
			hasScannedForEncodings = 0;
			knownRegions = (
				en,
				Base,
			);
			mainGroup = BBF384291BAA784500EDF854;
			productRefGroup = BBF384331BAA784600EDF854 /* Products */;
			projectDirPath = "";
			projectRoot = "";
			targets = (
				BBF384311BAA784600EDF854 /* Blink */,
				BBF384451BAA784600EDF854 /* BlinkTests */,
				BBF384501BAA784600EDF854 /* BlinkUITests */,
			);
		};
/* End PBXProject section */

/* Begin PBXResourcesBuildPhase section */
		BBF384301BAA784600EDF854 /* Resources */ = {
			isa = PBXResourcesBuildPhase;
			buildActionMask = 2147483647;
			files = (
				BBF384401BAA784600EDF854 /* LaunchScreen.storyboard in Resources */,
				BB2BCBEF1BB2FACB005343B3 /* FriendTableViewCell.xib in Resources */,
				BBF3843D1BAA784600EDF854 /* Assets.xcassets in Resources */,
				BB2BCBE61BB13B44005343B3 /* SearchUserTableViewCell.xib in Resources */,
				BB4288DD1BAABA7300B211F6 /* RoomTableViewCell.xib in Resources */,
				BBF3843B1BAA784600EDF854 /* Main.storyboard in Resources */,
			);
			runOnlyForDeploymentPostprocessing = 0;
		};
		BBF384441BAA784600EDF854 /* Resources */ = {
			isa = PBXResourcesBuildPhase;
			buildActionMask = 2147483647;
			files = (
			);
			runOnlyForDeploymentPostprocessing = 0;
		};
		BBF3844F1BAA784600EDF854 /* Resources */ = {
			isa = PBXResourcesBuildPhase;
			buildActionMask = 2147483647;
			files = (
			);
			runOnlyForDeploymentPostprocessing = 0;
		};
/* End PBXResourcesBuildPhase section */

/* Begin PBXShellScriptBuildPhase section */
		1F7091E85A85E52803081BDC /* Check Pods Manifest.lock */ = {
			isa = PBXShellScriptBuildPhase;
			buildActionMask = 2147483647;
			files = (
			);
			inputPaths = (
			);
			name = "Check Pods Manifest.lock";
			outputPaths = (
			);
			runOnlyForDeploymentPostprocessing = 0;
			shellPath = /bin/sh;
			shellScript = "diff \"${PODS_ROOT}/../Podfile.lock\" \"${PODS_ROOT}/Manifest.lock\" > /dev/null\nif [[ $? != 0 ]] ; then\n    cat << EOM\nerror: The sandbox is not in sync with the Podfile.lock. Run 'pod install' or update your CocoaPods installation.\nEOM\n    exit 1\nfi\n";
			showEnvVarsInLog = 0;
		};
		21E49581BF82B00FF9BBE069 /* Copy Pods Resources */ = {
			isa = PBXShellScriptBuildPhase;
			buildActionMask = 2147483647;
			files = (
			);
			inputPaths = (
			);
			name = "Copy Pods Resources";
			outputPaths = (
			);
			runOnlyForDeploymentPostprocessing = 0;
			shellPath = /bin/sh;
			shellScript = "\"${SRCROOT}/Pods/Target Support Files/Pods/Pods-resources.sh\"\n";
			showEnvVarsInLog = 0;
		};
		E8CCC2740427840A371C0183 /* Embed Pods Frameworks */ = {
			isa = PBXShellScriptBuildPhase;
			buildActionMask = 2147483647;
			files = (
			);
			inputPaths = (
			);
			name = "Embed Pods Frameworks";
			outputPaths = (
			);
			runOnlyForDeploymentPostprocessing = 0;
			shellPath = /bin/sh;
			shellScript = "\"${SRCROOT}/Pods/Target Support Files/Pods/Pods-frameworks.sh\"\n";
			showEnvVarsInLog = 0;
		};
/* End PBXShellScriptBuildPhase section */

/* Begin PBXSourcesBuildPhase section */
		BBF3842E1BAA784600EDF854 /* Sources */ = {
			isa = PBXSourcesBuildPhase;
			buildActionMask = 2147483647;
			files = (
				BB4288D41BAAB6E400B211F6 /* UIApplication+rootController.swift in Sources */,
				BB4288D21BAAABA700B211F6 /* Alert.swift in Sources */,
				BBFBE7941BAA9F4500438AF9 /* Twilio.swift in Sources */,
				BB29D3261BABF5F1005E6E2C /* Room.swift in Sources */,
				BB2916231BB398F500ED791E /* JotTouchPoint.m in Sources */,
				BB2BCBE51BB13B44005343B3 /* SearchUserTableViewCell.swift in Sources */,
				BB2BCBE91BB15AB7005343B3 /* WaitBlock.swift in Sources */,
				BB2916251BB398F500ED791E /* UIImage+Jot.m in Sources */,
				BB29D3231BABF3E9005E6E2C /* TextEditView.swift in Sources */,
				BBE498771BAA97CD008A8ECF /* SignupNicknameViewController.swift in Sources */,
				BB2916291BB3ACE900ED791E /* SelectFriendsViewController.swift in Sources */,
				BBE498721BAA9794008A8ECF /* LoginViewController.swift in Sources */,
				BB2916221BB398F500ED791E /* JotTouchBezier.m in Sources */,
				BB29D3211BABF3E9005E6E2C /* DrawTextView.swift in Sources */,
				BB7103611BB0616A00C31028 /* SearchFriendsViewController.swift in Sources */,
				BB71035A1BB0448100C31028 /* InputTextfield.swift in Sources */,
				BB4288D61BAAB8D400B211F6 /* MainFeedViewController.swift in Sources */,
				BB4288DC1BAABA7300B211F6 /* RoomTableViewCell.swift in Sources */,
				BB29161F1BB398F500ED791E /* JotDrawView.m in Sources */,
				BB2915F01BB38ABD00ED791E /* CameraPreviewViewController.swift in Sources */,
				BBE4986E1BAA7E1D008A8ECF /* StartupViewController.swift in Sources */,
				BB2BCBEE1BB2FACB005343B3 /* FriendTableViewCell.swift in Sources */,
				BB2BCBF21BB38495005343B3 /* CameraViewController.swift in Sources */,
				BB4288DF1BAAC67700B211F6 /* Progress.swift in Sources */,
				BB71035F1BB0610700C31028 /* FriendsViewController.swift in Sources */,
				BB7103631BB0621100C31028 /* Friend.swift in Sources */,
				BB29D3221BABF3E9005E6E2C /* TextDrawer.swift in Sources */,
				BB4288CF1BAAA71800B211F6 /* User.swift in Sources */,
				BBE498741BAA979E008A8ECF /* SignupViewController.swift in Sources */,
				BB2916211BB398F500ED791E /* JotTextView.m in Sources */,
				BB2916271BB3A5C900ED791E /* HoleView.swift in Sources */,
				BBE4987A1BAA990D008A8ECF /* StoryBoard+instanceController.swift in Sources */,
				BB29161E1BB398F500ED791E /* JotDrawingContainer.m in Sources */,
				BB2916201BB398F500ED791E /* JotTextEditView.m in Sources */,
				BBF384361BAA784600EDF854 /* AppDelegate.swift in Sources */,
				BB2916241BB398F500ED791E /* JotViewController.m in Sources */,
			);
			runOnlyForDeploymentPostprocessing = 0;
		};
		BBF384421BAA784600EDF854 /* Sources */ = {
			isa = PBXSourcesBuildPhase;
			buildActionMask = 2147483647;
			files = (
				BBF3844B1BAA784600EDF854 /* BlinkTests.swift in Sources */,
			);
			runOnlyForDeploymentPostprocessing = 0;
		};
		BBF3844D1BAA784600EDF854 /* Sources */ = {
			isa = PBXSourcesBuildPhase;
			buildActionMask = 2147483647;
			files = (
				BBF384561BAA784600EDF854 /* BlinkUITests.swift in Sources */,
			);
			runOnlyForDeploymentPostprocessing = 0;
		};
/* End PBXSourcesBuildPhase section */

/* Begin PBXTargetDependency section */
		BBF384481BAA784600EDF854 /* PBXTargetDependency */ = {
			isa = PBXTargetDependency;
			target = BBF384311BAA784600EDF854 /* Blink */;
			targetProxy = BBF384471BAA784600EDF854 /* PBXContainerItemProxy */;
		};
		BBF384531BAA784600EDF854 /* PBXTargetDependency */ = {
			isa = PBXTargetDependency;
			target = BBF384311BAA784600EDF854 /* Blink */;
			targetProxy = BBF384521BAA784600EDF854 /* PBXContainerItemProxy */;
		};
/* End PBXTargetDependency section */

/* Begin PBXVariantGroup section */
		BBF384391BAA784600EDF854 /* Main.storyboard */ = {
			isa = PBXVariantGroup;
			children = (
				BBF3843A1BAA784600EDF854 /* Base */,
			);
			name = Main.storyboard;
			path = .;
			sourceTree = "<group>";
		};
		BBF3843E1BAA784600EDF854 /* LaunchScreen.storyboard */ = {
			isa = PBXVariantGroup;
			children = (
				BBF3843F1BAA784600EDF854 /* Base */,
			);
			name = LaunchScreen.storyboard;
			path = .;
			sourceTree = "<group>";
		};
/* End PBXVariantGroup section */

/* Begin XCBuildConfiguration section */
		BBF384581BAA784600EDF854 /* Debug */ = {
			isa = XCBuildConfiguration;
			buildSettings = {
				ALWAYS_SEARCH_USER_PATHS = NO;
				CLANG_CXX_LANGUAGE_STANDARD = "gnu++0x";
				CLANG_CXX_LIBRARY = "libc++";
				CLANG_ENABLE_MODULES = YES;
				CLANG_ENABLE_OBJC_ARC = YES;
				CLANG_WARN_BOOL_CONVERSION = YES;
				CLANG_WARN_CONSTANT_CONVERSION = YES;
				CLANG_WARN_DIRECT_OBJC_ISA_USAGE = YES_ERROR;
				CLANG_WARN_EMPTY_BODY = YES;
				CLANG_WARN_ENUM_CONVERSION = YES;
				CLANG_WARN_INT_CONVERSION = YES;
				CLANG_WARN_OBJC_ROOT_CLASS = YES_ERROR;
				CLANG_WARN_UNREACHABLE_CODE = YES;
				CLANG_WARN__DUPLICATE_METHOD_MATCH = YES;
				"CODE_SIGN_IDENTITY[sdk=iphoneos*]" = "iPhone Developer";
				COPY_PHASE_STRIP = NO;
				DEBUG_INFORMATION_FORMAT = dwarf;
				ENABLE_STRICT_OBJC_MSGSEND = YES;
				ENABLE_TESTABILITY = YES;
				GCC_C_LANGUAGE_STANDARD = gnu99;
				GCC_DYNAMIC_NO_PIC = NO;
				GCC_NO_COMMON_BLOCKS = YES;
				GCC_OPTIMIZATION_LEVEL = 0;
				GCC_PREPROCESSOR_DEFINITIONS = (
					"DEBUG=1",
					"$(inherited)",
				);
				GCC_WARN_64_TO_32_BIT_CONVERSION = YES;
				GCC_WARN_ABOUT_RETURN_TYPE = YES_ERROR;
				GCC_WARN_UNDECLARED_SELECTOR = YES;
				GCC_WARN_UNINITIALIZED_AUTOS = YES_AGGRESSIVE;
				GCC_WARN_UNUSED_FUNCTION = YES;
				GCC_WARN_UNUSED_VARIABLE = YES;
				IPHONEOS_DEPLOYMENT_TARGET = 9.0;
				MTL_ENABLE_DEBUG_INFO = YES;
				ONLY_ACTIVE_ARCH = YES;
				SDKROOT = iphoneos;
				SWIFT_OPTIMIZATION_LEVEL = "-Onone";
			};
			name = Debug;
		};
		BBF384591BAA784600EDF854 /* Release */ = {
			isa = XCBuildConfiguration;
			buildSettings = {
				ALWAYS_SEARCH_USER_PATHS = NO;
				CLANG_CXX_LANGUAGE_STANDARD = "gnu++0x";
				CLANG_CXX_LIBRARY = "libc++";
				CLANG_ENABLE_MODULES = YES;
				CLANG_ENABLE_OBJC_ARC = YES;
				CLANG_WARN_BOOL_CONVERSION = YES;
				CLANG_WARN_CONSTANT_CONVERSION = YES;
				CLANG_WARN_DIRECT_OBJC_ISA_USAGE = YES_ERROR;
				CLANG_WARN_EMPTY_BODY = YES;
				CLANG_WARN_ENUM_CONVERSION = YES;
				CLANG_WARN_INT_CONVERSION = YES;
				CLANG_WARN_OBJC_ROOT_CLASS = YES_ERROR;
				CLANG_WARN_UNREACHABLE_CODE = YES;
				CLANG_WARN__DUPLICATE_METHOD_MATCH = YES;
				"CODE_SIGN_IDENTITY[sdk=iphoneos*]" = "iPhone Developer";
				COPY_PHASE_STRIP = NO;
				DEBUG_INFORMATION_FORMAT = "dwarf-with-dsym";
				ENABLE_NS_ASSERTIONS = NO;
				ENABLE_STRICT_OBJC_MSGSEND = YES;
				GCC_C_LANGUAGE_STANDARD = gnu99;
				GCC_NO_COMMON_BLOCKS = YES;
				GCC_WARN_64_TO_32_BIT_CONVERSION = YES;
				GCC_WARN_ABOUT_RETURN_TYPE = YES_ERROR;
				GCC_WARN_UNDECLARED_SELECTOR = YES;
				GCC_WARN_UNINITIALIZED_AUTOS = YES_AGGRESSIVE;
				GCC_WARN_UNUSED_FUNCTION = YES;
				GCC_WARN_UNUSED_VARIABLE = YES;
				IPHONEOS_DEPLOYMENT_TARGET = 9.0;
				MTL_ENABLE_DEBUG_INFO = NO;
				SDKROOT = iphoneos;
				VALIDATE_PRODUCT = YES;
			};
			name = Release;
		};
		BBF3845B1BAA784600EDF854 /* Debug */ = {
			isa = XCBuildConfiguration;
			baseConfigurationReference = 8044A844A3E2BCF646D2958E /* Pods.debug.xcconfig */;
			buildSettings = {
				ASSETCATALOG_COMPILER_APPICON_NAME = AppIcon;
				ENABLE_BITCODE = NO;
				INFOPLIST_FILE = Blink/Application/Info.plist;
				IPHONEOS_DEPLOYMENT_TARGET = 9.0;
				LD_RUNPATH_SEARCH_PATHS = "$(inherited) @executable_path/Frameworks";
				PRODUCT_BUNDLE_IDENTIFIER = remirobert.Blink;
				PRODUCT_NAME = "$(TARGET_NAME)";
				SWIFT_OBJC_BRIDGING_HEADER = Blink/Application/Header.h;
			};
			name = Debug;
		};
		BBF3845C1BAA784600EDF854 /* Release */ = {
			isa = XCBuildConfiguration;
			baseConfigurationReference = 667B62A522C95D039ADDD65B /* Pods.release.xcconfig */;
			buildSettings = {
				ASSETCATALOG_COMPILER_APPICON_NAME = AppIcon;
				ENABLE_BITCODE = NO;
				INFOPLIST_FILE = Blink/Application/Info.plist;
				IPHONEOS_DEPLOYMENT_TARGET = 9.0;
				LD_RUNPATH_SEARCH_PATHS = "$(inherited) @executable_path/Frameworks";
				PRODUCT_BUNDLE_IDENTIFIER = remirobert.Blink;
				PRODUCT_NAME = "$(TARGET_NAME)";
				SWIFT_OBJC_BRIDGING_HEADER = Blink/Application/Header.h;
			};
			name = Release;
		};
		BBF3845E1BAA784600EDF854 /* Debug */ = {
			isa = XCBuildConfiguration;
			buildSettings = {
				BUNDLE_LOADER = "$(TEST_HOST)";
				INFOPLIST_FILE = BlinkTests/Info.plist;
				LD_RUNPATH_SEARCH_PATHS = "$(inherited) @executable_path/Frameworks @loader_path/Frameworks";
				PRODUCT_BUNDLE_IDENTIFIER = remirobert.BlinkTests;
				PRODUCT_NAME = "$(TARGET_NAME)";
				TEST_HOST = "$(BUILT_PRODUCTS_DIR)/Blink.app/Blink";
			};
			name = Debug;
		};
		BBF3845F1BAA784600EDF854 /* Release */ = {
			isa = XCBuildConfiguration;
			buildSettings = {
				BUNDLE_LOADER = "$(TEST_HOST)";
				INFOPLIST_FILE = BlinkTests/Info.plist;
				LD_RUNPATH_SEARCH_PATHS = "$(inherited) @executable_path/Frameworks @loader_path/Frameworks";
				PRODUCT_BUNDLE_IDENTIFIER = remirobert.BlinkTests;
				PRODUCT_NAME = "$(TARGET_NAME)";
				TEST_HOST = "$(BUILT_PRODUCTS_DIR)/Blink.app/Blink";
			};
			name = Release;
		};
		BBF384611BAA784600EDF854 /* Debug */ = {
			isa = XCBuildConfiguration;
			buildSettings = {
				INFOPLIST_FILE = BlinkUITests/Info.plist;
				LD_RUNPATH_SEARCH_PATHS = "$(inherited) @executable_path/Frameworks @loader_path/Frameworks";
				PRODUCT_BUNDLE_IDENTIFIER = remirobert.BlinkUITests;
				PRODUCT_NAME = "$(TARGET_NAME)";
				TEST_TARGET_NAME = Blink;
				USES_XCTRUNNER = YES;
			};
			name = Debug;
		};
		BBF384621BAA784600EDF854 /* Release */ = {
			isa = XCBuildConfiguration;
			buildSettings = {
				INFOPLIST_FILE = BlinkUITests/Info.plist;
				LD_RUNPATH_SEARCH_PATHS = "$(inherited) @executable_path/Frameworks @loader_path/Frameworks";
				PRODUCT_BUNDLE_IDENTIFIER = remirobert.BlinkUITests;
				PRODUCT_NAME = "$(TARGET_NAME)";
				TEST_TARGET_NAME = Blink;
				USES_XCTRUNNER = YES;
			};
			name = Release;
		};
/* End XCBuildConfiguration section */

/* Begin XCConfigurationList section */
		BBF3842D1BAA784600EDF854 /* Build configuration list for PBXProject "Blink" */ = {
			isa = XCConfigurationList;
			buildConfigurations = (
				BBF384581BAA784600EDF854 /* Debug */,
				BBF384591BAA784600EDF854 /* Release */,
			);
			defaultConfigurationIsVisible = 0;
			defaultConfigurationName = Release;
		};
		BBF3845A1BAA784600EDF854 /* Build configuration list for PBXNativeTarget "Blink" */ = {
			isa = XCConfigurationList;
			buildConfigurations = (
				BBF3845B1BAA784600EDF854 /* Debug */,
				BBF3845C1BAA784600EDF854 /* Release */,
			);
			defaultConfigurationIsVisible = 0;
			defaultConfigurationName = Release;
		};
		BBF3845D1BAA784600EDF854 /* Build configuration list for PBXNativeTarget "BlinkTests" */ = {
			isa = XCConfigurationList;
			buildConfigurations = (
				BBF3845E1BAA784600EDF854 /* Debug */,
				BBF3845F1BAA784600EDF854 /* Release */,
			);
			defaultConfigurationIsVisible = 0;
			defaultConfigurationName = Release;
		};
		BBF384601BAA784600EDF854 /* Build configuration list for PBXNativeTarget "BlinkUITests" */ = {
			isa = XCConfigurationList;
			buildConfigurations = (
				BBF384611BAA784600EDF854 /* Debug */,
				BBF384621BAA784600EDF854 /* Release */,
			);
			defaultConfigurationIsVisible = 0;
			defaultConfigurationName = Release;
		};
/* End XCConfigurationList section */
	};
	rootObject = BBF3842A1BAA784600EDF854 /* Project object */;
}
